
Microsoft Visual Studio Solution File, Format Version 12.00
# Visual Studio Version 17
VisualStudioVersion = 17.6.33829.357
MinimumVisualStudioVersion = 10.0.40219.1
Project("{FAE04EC0-301F-11D3-BF4B-00C04F79EFBC}") = "Switchcase", "Switchcase.csproj", "{2C4F3033-5370-402C-9557-44EAFF752D15}"
EndProject
Global
	GlobalSection(SolutionConfigurationPlatforms) = preSolution
		Debug|Any CPU = Debug|Any CPU
		Release|Any CPU = Release|Any CPU
	EndGlobalSection
	GlobalSection(ProjectConfigurationPlatforms) = postSolution
		{2C4F3033-5370-402C-9557-44EAFF752D15}.Debug|Any CPU.ActiveCfg = Debug|Any CPU
		{2C4F3033-5370-402C-9557-44EAFF752D15}.Debug|Any CPU.Build.0 = Debug|Any CPU
		{2C4F3033-5370-402C-9557-44EAFF752D15}.Release|Any CPU.ActiveCfg = Release|Any CPU
		{2C4F3033-5370-402C-9557-44EAFF752D15}.Release|Any CPU.Build.0 = Release|Any CPU
	EndGlobalSection
	GlobalSection(SolutionProperties) = preSolution
		HideSolutionNode = FALSE
	EndGlobalSection
	GlobalSection(ExtensibilityGlobals) = postSolution
		SolutionGuid = {2240B75C-2942-4A0F-AD05-8DC7E23DC172}
	EndGlobalSection
EndGlobal
